// !$*UTF8*$!
{
	archiveVersion = 1;
	classes = {
	};
	objectVersion = 46;
	objects = {

/* Begin PBXBuildFile section */
		A94EAECE19EB71A300952156 /* Foundation.framework in Frameworks */ = {isa = PBXBuildFile; fileRef = A94EAECD19EB71A300952156 /* Foundation.framework */; };
		A94EAED019EB71A300952156 /* CoreGraphics.framework in Frameworks */ = {isa = PBXBuildFile; fileRef = A94EAECF19EB71A300952156 /* CoreGraphics.framework */; };
		A94EAED219EB71A300952156 /* UIKit.framework in Frameworks */ = {isa = PBXBuildFile; fileRef = A94EAED119EB71A300952156 /* UIKit.framework */; };
		A94EAED819EB71A300952156 /* InfoPlist.strings in Resources */ = {isa = PBXBuildFile; fileRef = A94EAED619EB71A300952156 /* InfoPlist.strings */; };
		A94EAEDA19EB71A300952156 /* main.m in Sources */ = {isa = PBXBuildFile; fileRef = A94EAED919EB71A300952156 /* main.m */; };
		A94EAEDE19EB71A300952156 /* MPAppDelegate.m in Sources */ = {isa = PBXBuildFile; fileRef = A94EAEDD19EB71A300952156 /* MPAppDelegate.m */; };
		A94EAEE119EB71A300952156 /* Main_iPhone.storyboard in Resources */ = {isa = PBXBuildFile; fileRef = A94EAEDF19EB71A300952156 /* Main_iPhone.storyboard */; };
		A94EAEE419EB71A300952156 /* Main_iPad.storyboard in Resources */ = {isa = PBXBuildFile; fileRef = A94EAEE219EB71A300952156 /* Main_iPad.storyboard */; };
		A94EAEE719EB71A300952156 /* MPViewController.m in Sources */ = {isa = PBXBuildFile; fileRef = A94EAEE619EB71A300952156 /* MPViewController.m */; };
		A94EAEE919EB71A300952156 /* Images.xcassets in Resources */ = {isa = PBXBuildFile; fileRef = A94EAEE819EB71A300952156 /* Images.xcassets */; };
		A94EAEF019EB71A300952156 /* XCTest.framework in Frameworks */ = {isa = PBXBuildFile; fileRef = A94EAEEF19EB71A300952156 /* XCTest.framework */; };
		A94EAEF119EB71A300952156 /* Foundation.framework in Frameworks */ = {isa = PBXBuildFile; fileRef = A94EAECD19EB71A300952156 /* Foundation.framework */; };
		A94EAEF219EB71A300952156 /* UIKit.framework in Frameworks */ = {isa = PBXBuildFile; fileRef = A94EAED119EB71A300952156 /* UIKit.framework */; };
		A94EAEFA19EB71A300952156 /* InfoPlist.strings in Resources */ = {isa = PBXBuildFile; fileRef = A94EAEF819EB71A300952156 /* InfoPlist.strings */; };
		A94EAEFC19EB71A300952156 /* PhotoEditingToolTests.m in Sources */ = {isa = PBXBuildFile; fileRef = A94EAEFB19EB71A300952156 /* PhotoEditingToolTests.m */; };
/* End PBXBuildFile section */

/* Begin PBXContainerItemProxy section */
		A94EAEF319EB71A300952156 /* PBXContainerItemProxy */ = {
			isa = PBXContainerItemProxy;
			containerPortal = A94EAEC219EB71A300952156 /* Project object */;
			proxyType = 1;
			remoteGlobalIDString = A94EAEC919EB71A300952156;
			remoteInfo = PhotoEditingTool;
		};
/* End PBXContainerItemProxy section */

/* Begin PBXFileReference section */
		A94EAECA19EB71A300952156 /* PhotoEditingTool.app */ = {isa = PBXFileReference; explicitFileType = wrapper.application; includeInIndex = 0; path = PhotoEditingTool.app; sourceTree = BUILT_PRODUCTS_DIR; };
		A94EAECD19EB71A300952156 /* Foundation.framework */ = {isa = PBXFileReference; lastKnownFileType = wrapper.framework; name = Foundation.framework; path = System/Library/Frameworks/Foundation.framework; sourceTree = SDKROOT; };
		A94EAECF19EB71A300952156 /* CoreGraphics.framework */ = {isa = PBXFileReference; lastKnownFileType = wrapper.framework; name = CoreGraphics.framework; path = System/Library/Frameworks/CoreGraphics.framework; sourceTree = SDKROOT; };
		A94EAED119EB71A300952156 /* UIKit.framework */ = {isa = PBXFileReference; lastKnownFileType = wrapper.framework; name = UIKit.framework; path = System/Library/Frameworks/UIKit.framework; sourceTree = SDKROOT; };
		A94EAED519EB71A300952156 /* PhotoEditingTool-Info.plist */ = {isa = PBXFileReference; lastKnownFileType = text.plist.xml; path = "PhotoEditingTool-Info.plist"; sourceTree = "<group>"; };
		A94EAED719EB71A300952156 /* en */ = {isa = PBXFileReference; lastKnownFileType = text.plist.strings; name = en; path = en.lproj/InfoPlist.strings; sourceTree = "<group>"; };
		A94EAED919EB71A300952156 /* main.m */ = {isa = PBXFileReference; lastKnownFileType = sourcecode.c.objc; path = main.m; sourceTree = "<group>"; };
		A94EAEDB19EB71A300952156 /* PhotoEditingTool-Prefix.pch */ = {isa = PBXFileReference; lastKnownFileType = sourcecode.c.h; path = "PhotoEditingTool-Prefix.pch"; sourceTree = "<group>"; };
		A94EAEDC19EB71A300952156 /* MPAppDelegate.h */ = {isa = PBXFileReference; lastKnownFileType = sourcecode.c.h; path = MPAppDelegate.h; sourceTree = "<group>"; };
		A94EAEDD19EB71A300952156 /* MPAppDelegate.m */ = {isa = PBXFileReference; lastKnownFileType = sourcecode.c.objc; path = MPAppDelegate.m; sourceTree = "<group>"; };
		A94EAEE019EB71A300952156 /* Base */ = {isa = PBXFileReference; lastKnownFileType = file.storyboard; name = Base; path = Base.lproj/Main_iPhone.storyboard; sourceTree = "<group>"; };
		A94EAEE319EB71A300952156 /* Base */ = {isa = PBXFileReference; lastKnownFileType = file.storyboard; name = Base; path = Base.lproj/Main_iPad.storyboard; sourceTree = "<group>"; };
		A94EAEE519EB71A300952156 /* MPViewController.h */ = {isa = PBXFileReference; lastKnownFileType = sourcecode.c.h; path = MPViewController.h; sourceTree = "<group>"; };
		A94EAEE619EB71A300952156 /* MPViewController.m */ = {isa = PBXFileReference; lastKnownFileType = sourcecode.c.objc; path = MPViewController.m; sourceTree = "<group>"; };
		A94EAEE819EB71A300952156 /* Images.xcassets */ = {isa = PBXFileReference; lastKnownFileType = folder.assetcatalog; path = Images.xcassets; sourceTree = "<group>"; };
		A94EAEEE19EB71A300952156 /* PhotoEditingToolTests.xctest */ = {isa = PBXFileReference; explicitFileType = wrapper.cfbundle; includeInIndex = 0; path = PhotoEditingToolTests.xctest; sourceTree = BUILT_PRODUCTS_DIR; };
		A94EAEEF19EB71A300952156 /* XCTest.framework */ = {isa = PBXFileReference; lastKnownFileType = wrapper.framework; name = XCTest.framework; path = Library/Frameworks/XCTest.framework; sourceTree = DEVELOPER_DIR; };
		A94EAEF719EB71A300952156 /* PhotoEditingToolTests-Info.plist */ = {isa = PBXFileReference; lastKnownFileType = text.plist.xml; path = "PhotoEditingToolTests-Info.plist"; sourceTree = "<group>"; };
		A94EAEF919EB71A300952156 /* en */ = {isa = PBXFileReference; lastKnownFileType = text.plist.strings; name = en; path = en.lproj/InfoPlist.strings; sourceTree = "<group>"; };
		A94EAEFB19EB71A300952156 /* PhotoEditingToolTests.m */ = {isa = PBXFileReference; lastKnownFileType = sourcecode.c.objc; path = PhotoEditingToolTests.m; sourceTree = "<group>"; };
/* End PBXFileReference section */

/* Begin PBXFrameworksBuildPhase section */
		A94EAEC719EB71A300952156 /* Frameworks */ = {
			isa = PBXFrameworksBuildPhase;
			buildActionMask = 2147483647;
			files = (
				A94EAED019EB71A300952156 /* CoreGraphics.framework in Frameworks */,
				A94EAED219EB71A300952156 /* UIKit.framework in Frameworks */,
				A94EAECE19EB71A300952156 /* Foundation.framework in Frameworks */,
			);
			runOnlyForDeploymentPostprocessing = 0;
		};
		A94EAEEB19EB71A300952156 /* Frameworks */ = {
			isa = PBXFrameworksBuildPhase;
			buildActionMask = 2147483647;
			files = (
				A94EAEF019EB71A300952156 /* XCTest.framework in Frameworks */,
				A94EAEF219EB71A300952156 /* UIKit.framework in Frameworks */,
				A94EAEF119EB71A300952156 /* Foundation.framework in Frameworks */,
			);
			runOnlyForDeploymentPostprocessing = 0;
		};
/* End PBXFrameworksBuildPhase section */

/* Begin PBXGroup section */
		A94EAEC119EB71A300952156 = {
			isa = PBXGroup;
			children = (
				A94EAED319EB71A300952156 /* PhotoEditingTool */,
				A94EAEF519EB71A300952156 /* PhotoEditingToolTests */,
				A94EAECC19EB71A300952156 /* Frameworks */,
				A94EAECB19EB71A300952156 /* Products */,
			);
			sourceTree = "<group>";
		};
		A94EAECB19EB71A300952156 /* Products */ = {
			isa = PBXGroup;
			children = (
				A94EAECA19EB71A300952156 /* PhotoEditingTool.app */,
				A94EAEEE19EB71A300952156 /* PhotoEditingToolTests.xctest */,
			);
			name = Products;
			sourceTree = "<group>";
		};
		A94EAECC19EB71A300952156 /* Frameworks */ = {
			isa = PBXGroup;
			children = (
				A94EAECD19EB71A300952156 /* Foundation.framework */,
				A94EAECF19EB71A300952156 /* CoreGraphics.framework */,
				A94EAED119EB71A300952156 /* UIKit.framework */,
				A94EAEEF19EB71A300952156 /* XCTest.framework */,
			);
			name = Frameworks;
			sourceTree = "<group>";
		};
		A94EAED319EB71A300952156 /* PhotoEditingTool */ = {
			isa = PBXGroup;
			children = (
				A94EAEDC19EB71A300952156 /* MPAppDelegate.h */,
				A94EAEDD19EB71A300952156 /* MPAppDelegate.m */,
				A94EAEDF19EB71A300952156 /* Main_iPhone.storyboard */,
				A94EAEE219EB71A300952156 /* Main_iPad.storyboard */,
				A94EAEE519EB71A300952156 /* MPViewController.h */,
				A94EAEE619EB71A300952156 /* MPViewController.m */,
				A94EAEE819EB71A300952156 /* Images.xcassets */,
				A94EAED419EB71A300952156 /* Supporting Files */,
			);
			path = PhotoEditingTool;
			sourceTree = "<group>";
		};
		A94EAED419EB71A300952156 /* Supporting Files */ = {
			isa = PBXGroup;
			children = (
				A94EAED519EB71A300952156 /* PhotoEditingTool-Info.plist */,
				A94EAED619EB71A300952156 /* InfoPlist.strings */,
				A94EAED919EB71A300952156 /* main.m */,
				A94EAEDB19EB71A300952156 /* PhotoEditingTool-Prefix.pch */,
			);
			name = "Supporting Files";
			sourceTree = "<group>";
		};
		A94EAEF519EB71A300952156 /* PhotoEditingToolTests */ = {
			isa = PBXGroup;
			children = (
				A94EAEFB19EB71A300952156 /* PhotoEditingToolTests.m */,
				A94EAEF619EB71A300952156 /* Supporting Files */,
			);
			path = PhotoEditingToolTests;
			sourceTree = "<group>";
		};
		A94EAEF619EB71A300952156 /* Supporting Files */ = {
			isa = PBXGroup;
			children = (
				A94EAEF719EB71A300952156 /* PhotoEditingToolTests-Info.plist */,
				A94EAEF819EB71A300952156 /* InfoPlist.strings */,
			);
			name = "Supporting Files";
			sourceTree = "<group>";
		};
/* End PBXGroup section */

/* Begin PBXNativeTarget section */
		A94EAEC919EB71A300952156 /* PhotoEditingTool */ = {
			isa = PBXNativeTarget;
			buildConfigurationList = A94EAEFF19EB71A300952156 /* Build configuration list for PBXNativeTarget "PhotoEditingTool" */;
			buildPhases = (
				A94EAEC619EB71A300952156 /* Sources */,
				A94EAEC719EB71A300952156 /* Frameworks */,
				A94EAEC819EB71A300952156 /* Resources */,
			);
			buildRules = (
			);
			dependencies = (
			);
			name = PhotoEditingTool;
			productName = PhotoEditingTool;
			productReference = A94EAECA19EB71A300952156 /* PhotoEditingTool.app */;
			productType = "com.apple.product-type.application";
		};
		A94EAEED19EB71A300952156 /* PhotoEditingToolTests */ = {
			isa = PBXNativeTarget;
			buildConfigurationList = A94EAF0219EB71A300952156 /* Build configuration list for PBXNativeTarget "PhotoEditingToolTests" */;
			buildPhases = (
				A94EAEEA19EB71A300952156 /* Sources */,
				A94EAEEB19EB71A300952156 /* Frameworks */,
				A94EAEEC19EB71A300952156 /* Resources */,
			);
			buildRules = (
			);
			dependencies = (
				A94EAEF419EB71A300952156 /* PBXTargetDependency */,
			);
			name = PhotoEditingToolTests;
			productName = PhotoEditingToolTests;
			productReference = A94EAEEE19EB71A300952156 /* PhotoEditingToolTests.xctest */;
			productType = "com.apple.product-type.bundle.unit-test";
		};
/* End PBXNativeTarget section */

/* Begin PBXProject section */
		A94EAEC219EB71A300952156 /* Project object */ = {
			isa = PBXProject;
			attributes = {
				CLASSPREFIX = MP;
				LastUpgradeCheck = 0510;
				ORGANIZATIONNAME = ILDC;
				TargetAttributes = {
					A94EAEED19EB71A300952156 = {
						TestTargetID = A94EAEC919EB71A300952156;
					};
				};
			};
			buildConfigurationList = A94EAEC519EB71A300952156 /* Build configuration list for PBXProject "PhotoEditingTool" */;
			compatibilityVersion = "Xcode 3.2";
			developmentRegion = English;
			hasScannedForEncodings = 0;
			knownRegions = (
				en,
				Base,
			);
			mainGroup = A94EAEC119EB71A300952156;
			productRefGroup = A94EAECB19EB71A300952156 /* Products */;
			projectDirPath = "";
			projectRoot = "";
			targets = (
				A94EAEC919EB71A300952156 /* PhotoEditingTool */,
				A94EAEED19EB71A300952156 /* PhotoEditingToolTests */,
			);
		};
/* End PBXProject section */

/* Begin PBXResourcesBuildPhase section */
		A94EAEC819EB71A300952156 /* Resources */ = {
			isa = PBXResourcesBuildPhase;
			buildActionMask = 2147483647;
			files = (
				A94EAEE419EB71A300952156 /* Main_iPad.storyboard in Resources */,
				A94EAEE919EB71A300952156 /* Images.xcassets in Resources */,
				A94EAEE119EB71A300952156 /* Main_iPhone.storyboard in Resources */,
				A94EAED819EB71A300952156 /* InfoPlist.strings in Resources */,
			);
			runOnlyForDeploymentPostprocessing = 0;
		};
		A94EAEEC19EB71A300952156 /* Resources */ = {
			isa = PBXResourcesBuildPhase;
			buildActionMask = 2147483647;
			files = (
				A94EAEFA19EB71A300952156 /* InfoPlist.strings in Resources */,
			);
			runOnlyForDeploymentPostprocessing = 0;
		};
/* End PBXResourcesBuildPhase section */

/* Begin PBXSourcesBuildPhase section */
		A94EAEC619EB71A300952156 /* Sources */ = {
			isa = PBXSourcesBuildPhase;
			buildActionMask = 2147483647;
			files = (
				A94EAEDA19EB71A300952156 /* main.m in Sources */,
				A94EAEE719EB71A300952156 /* MPViewController.m in Sources */,
				A94EAEDE19EB71A300952156 /* MPAppDelegate.m in Sources */,
			);
			runOnlyForDeploymentPostprocessing = 0;
		};
		A94EAEEA19EB71A300952156 /* Sources */ = {
			isa = PBXSourcesBuildPhase;
			buildActionMask = 2147483647;
			files = (
				A94EAEFC19EB71A300952156 /* PhotoEditingToolTests.m in Sources */,
			);
			runOnlyForDeploymentPostprocessing = 0;
		};
/* End PBXSourcesBuildPhase section */

/* Begin PBXTargetDependency section */
		A94EAEF419EB71A300952156 /* PBXTargetDependency */ = {
			isa = PBXTargetDependency;
			target = A94EAEC919EB71A300952156 /* PhotoEditingTool */;
			targetProxy = A94EAEF319EB71A300952156 /* PBXContainerItemProxy */;
		};
/* End PBXTargetDependency section */

/* Begin PBXVariantGroup section */
		A94EAED619EB71A300952156 /* InfoPlist.strings */ = {
			isa = PBXVariantGroup;
			children = (
				A94EAED719EB71A300952156 /* en */,
			);
			name = InfoPlist.strings;
			sourceTree = "<group>";
		};
		A94EAEDF19EB71A300952156 /* Main_iPhone.storyboard */ = {
			isa = PBXVariantGroup;
			children = (
				A94EAEE019EB71A300952156 /* Base */,
			);
			name = Main_iPhone.storyboard;
			sourceTree = "<group>";
		};
		A94EAEE219EB71A300952156 /* Main_iPad.storyboard */ = {
			isa = PBXVariantGroup;
			children = (
				A94EAEE319EB71A300952156 /* Base */,
			);
			name = Main_iPad.storyboard;
			sourceTree = "<group>";
		};
		A94EAEF819EB71A300952156 /* InfoPlist.strings */ = {
			isa = PBXVariantGroup;
			children = (
				A94EAEF919EB71A300952156 /* en */,
			);
			name = InfoPlist.strings;
			sourceTree = "<group>";
		};
/* End PBXVariantGroup section */

/* Begin XCBuildConfiguration section */
		A94EAEFD19EB71A300952156 /* Debug */ = {
			isa = XCBuildConfiguration;
			buildSettings = {
				ALWAYS_SEARCH_USER_PATHS = NO;
				CLANG_CXX_LANGUAGE_STANDARD = "gnu++0x";
				CLANG_CXX_LIBRARY = "libc++";
				CLANG_ENABLE_MODULES = YES;
				CLANG_ENABLE_OBJC_ARC = YES;
				CLANG_WARN_BOOL_CONVERSION = YES;
				CLANG_WARN_CONSTANT_CONVERSION = YES;
				CLANG_WARN_DIRECT_OBJC_ISA_USAGE = YES_ERROR;
				CLANG_WARN_EMPTY_BODY = YES;
				CLANG_WARN_ENUM_CONVERSION = YES;
				CLANG_WARN_INT_CONVERSION = YES;
				CLANG_WARN_OBJC_ROOT_CLASS = YES_ERROR;
				CLANG_WARN__DUPLICATE_METHOD_MATCH = YES;
				"CODE_SIGN_IDENTITY[sdk=iphoneos*]" = "iPhone Developer";
				COPY_PHASE_STRIP = NO;
				GCC_C_LANGUAGE_STANDARD = gnu99;
				GCC_DYNAMIC_NO_PIC = NO;
				GCC_OPTIMIZATION_LEVEL = 0;
				GCC_PREPROCESSOR_DEFINITIONS = (
					"DEBUG=1",
					"$(inherited)",
				);
				GCC_SYMBOLS_PRIVATE_EXTERN = NO;
				GCC_WARN_64_TO_32_BIT_CONVERSION = YES;
				GCC_WARN_ABOUT_RETURN_TYPE = YES_ERROR;
				GCC_WARN_UNDECLARED_SELECTOR = YES;
				GCC_WARN_UNINITIALIZED_AUTOS = YES_AGGRESSIVE;
				GCC_WARN_UNUSED_FUNCTION = YES;
				GCC_WARN_UNUSED_VARIABLE = YES;
				IPHONEOS_DEPLOYMENT_TARGET = 7.1;
				ONLY_ACTIVE_ARCH = YES;
				SDKROOT = iphoneos;
				TARGETED_DEVICE_FAMILY = "1,2";
			};
			name = Debug;
		};
		A94EAEFE19EB71A300952156 /* Release */ = {
			isa = XCBuildConfiguration;
			buildSettings = {
				ALWAYS_SEARCH_USER_PATHS = NO;
				CLANG_CXX_LANGUAGE_STANDARD = "gnu++0x";
				CLANG_CXX_LIBRARY = "libc++";
				CLANG_ENABLE_MODULES = YES;
				CLANG_ENABLE_OBJC_ARC = YES;
				CLANG_WARN_BOOL_CONVERSION = YES;
				CLANG_WARN_CONSTANT_CONVERSION = YES;
				CLANG_WARN_DIRECT_OBJC_ISA_USAGE = YES_ERROR;
				CLANG_WARN_EMPTY_BODY = YES;
				CLANG_WARN_ENUM_CONVERSION = YES;
				CLANG_WARN_INT_CONVERSION = YES;
				CLANG_WARN_OBJC_ROOT_CLASS = YES_ERROR;
				CLANG_WARN__DUPLICATE_METHOD_MATCH = YES;
				"CODE_SIGN_IDENTITY[sdk=iphoneos*]" = "iPhone Developer";
				COPY_PHASE_STRIP = YES;
				ENABLE_NS_ASSERTIONS = NO;
				GCC_C_LANGUAGE_STANDARD = gnu99;
				GCC_WARN_64_TO_32_BIT_CONVERSION = YES;
				GCC_WARN_ABOUT_RETURN_TYPE = YES_ERROR;
				GCC_WARN_UNDECLARED_SELECTOR = YES;
				GCC_WARN_UNINITIALIZED_AUTOS = YES_AGGRESSIVE;
				GCC_WARN_UNUSED_FUNCTION = YES;
				GCC_WARN_UNUSED_VARIABLE = YES;
				IPHONEOS_DEPLOYMENT_TARGET = 7.1;
				SDKROOT = iphoneos;
				TARGETED_DEVICE_FAMILY = "1,2";
				VALIDATE_PRODUCT = YES;
			};
			name = Release;
		};
		A94EAF0019EB71A300952156 /* Debug */ = {
			isa = XCBuildConfiguration;
			buildSettings = {
				ASSETCATALOG_COMPILER_APPICON_NAME = AppIcon;
				ASSETCATALOG_COMPILER_LAUNCHIMAGE_NAME = LaunchImage;
				GCC_PRECOMPILE_PREFIX_HEADER = YES;
				GCC_PREFIX_HEADER = "PhotoEditingTool/PhotoEditingTool-Prefix.pch";
				INFOPLIST_FILE = "PhotoEditingTool/PhotoEditingTool-Info.plist";
				PRODUCT_NAME = "$(TARGET_NAME)";
				WRAPPER_EXTENSION = app;
			};
			name = Debug;
		};
		A94EAF0119EB71A300952156 /* Release */ = {
			isa = XCBuildConfiguration;
			buildSettings = {
				ASSETCATALOG_COMPILER_APPICON_NAME = AppIcon;
				ASSETCATALOG_COMPILER_LAUNCHIMAGE_NAME = LaunchImage;
				GCC_PRECOMPILE_PREFIX_HEADER = YES;
				GCC_PREFIX_HEADER = "PhotoEditingTool/PhotoEditingTool-Prefix.pch";
				INFOPLIST_FILE = "PhotoEditingTool/PhotoEditingTool-Info.plist";
				PRODUCT_NAME = "$(TARGET_NAME)";
				WRAPPER_EXTENSION = app;
			};
			name = Release;
		};
		A94EAF0319EB71A300952156 /* Debug */ = {
			isa = XCBuildConfiguration;
			buildSettings = {
				BUNDLE_LOADER = "$(BUILT_PRODUCTS_DIR)/PhotoEditingTool.app/PhotoEditingTool";
				FRAMEWORK_SEARCH_PATHS = (
					"$(SDKROOT)/Developer/Library/Frameworks",
					"$(inherited)",
					"$(DEVELOPER_FRAMEWORKS_DIR)",
				);
				GCC_PRECOMPILE_PREFIX_HEADER = YES;
				GCC_PREFIX_HEADER = "PhotoEditingTool/PhotoEditingTool-Prefix.pch";
				GCC_PREPROCESSOR_DEFINITIONS = (
					"DEBUG=1",
					"$(inherited)",
				);
				INFOPLIST_FILE = "PhotoEditingToolTests/PhotoEditingToolTests-Info.plist";
				PRODUCT_NAME = "$(TARGET_NAME)";
				TEST_HOST = "$(BUNDLE_LOADER)";
				WRAPPER_EXTENSION = xctest;
			};
			name = Debug;
		};
		A94EAF0419EB71A300952156 /* Release */ = {
			isa = XCBuildConfiguration;
			buildSettings = {
				BUNDLE_LOADER = "$(BUILT_PRODUCTS_DIR)/PhotoEditingTool.app/PhotoEditingTool";
				FRAMEWORK_SEARCH_PATHS = (
					"$(SDKROOT)/Developer/Library/Frameworks",
					"$(inherited)",
					"$(DEVELOPER_FRAMEWORKS_DIR)",
				);
				GCC_PRECOMPILE_PREFIX_HEADER = YES;
				GCC_PREFIX_HEADER = "PhotoEditingTool/PhotoEditingTool-Prefix.pch";
				INFOPLIST_FILE = "PhotoEditingToolTests/PhotoEditingToolTests-Info.plist";
				PRODUCT_NAME = "$(TARGET_NAME)";
				TEST_HOST = "$(BUNDLE_LOADER)";
				WRAPPER_EXTENSION = xctest;
			};
			name = Release;
		};
/* End XCBuildConfiguration section */

/* Begin XCConfigurationList section */
		A94EAEC519EB71A300952156 /* Build configuration list for PBXProject "PhotoEditingTool" */ = {
			isa = XCConfigurationList;
			buildConfigurations = (
				A94EAEFD19EB71A300952156 /* Debug */,
				A94EAEFE19EB71A300952156 /* Release */,
			);
			defaultConfigurationIsVisible = 0;
			defaultConfigurationName = Release;
		};
		A94EAEFF19EB71A300952156 /* Build configuration list for PBXNativeTarget "PhotoEditingTool" */ = {
			isa = XCConfigurationList;
			buildConfigurations = (
				A94EAF0019EB71A300952156 /* Debug */,
				A94EAF0119EB71A300952156 /* Release */,
			);
			defaultConfigurationIsVisible = 0;
		};
		A94EAF0219EB71A300952156 /* Build configuration list for PBXNativeTarget "PhotoEditingToolTests" */ = {
			isa = XCConfigurationList;
			buildConfigurations = (
				A94EAF0319EB71A300952156 /* Debug */,
				A94EAF0419EB71A300952156 /* Release */,
			);
			defaultConfigurationIsVisible = 0;
		};
/* End XCConfigurationList section */
	};
	rootObject = A94EAEC219EB71A300952156 /* Project object */;
}
